
Microsoft Visual Studio Solution File, Format Version 12.00
# Visual Studio Version 17
VisualStudioVersion = 17.9.34701.34
MinimumVisualStudioVersion = 10.0.40219.1
Project("{FAE04EC0-301F-11D3-BF4B-00C04F79EFBC}") = "Memorykiller", "Memorykiller.csproj", "{D945DEF4-701F-4BFB-93F7-E53DEE1A6392}"
EndProject
Global
	GlobalSection(SolutionConfigurationPlatforms) = preSolution
		Debug|Any CPU = Debug|Any CPU
		Release|Any CPU = Release|Any CPU
	EndGlobalSection
	GlobalSection(ProjectConfigurationPlatforms) = postSolution
		{D945DEF4-701F-4BFB-93F7-E53DEE1A6392}.Debug|Any CPU.ActiveCfg = Debug|Any CPU
		{D945DEF4-701F-4BFB-93F7-E53DEE1A6392}.Debug|Any CPU.Build.0 = Debug|Any CPU
		{D945DEF4-701F-4BFB-93F7-E53DEE1A6392}.Release|Any CPU.ActiveCfg = Release|Any CPU
		{D945DEF4-701F-4BFB-93F7-E53DEE1A6392}.Release|Any CPU.Build.0 = Release|Any CPU
	EndGlobalSection
	GlobalSection(SolutionProperties) = preSolution
		HideSolutionNode = FALSE
	EndGlobalSection
	GlobalSection(ExtensibilityGlobals) = postSolution
		SolutionGuid = {AD12C451-3995-48D8-A66A-2071D40A7306}
	EndGlobalSection
EndGlobal
